// !$*UTF8*$!
{
	archiveVersion = 1;
	classes = {
	};
	objectVersion = 77;
	objects = {

/* Begin PBXBuildFile section */
		0A7F741543B32CB2EED02720 /* PlusJakartaSans-Bold.ttf in Resources */ = {isa = PBXBuildFile; fileRef = 6CEF498E73E00F4093077EB6 /* PlusJakartaSans-Bold.ttf */; };
		284F9F3A2AFEC142C0D5EF5F /* PlusJakartaSans-Regular.ttf in Resources */ = {isa = PBXBuildFile; fileRef = 653C3C15B3C0C8F2D6373705 /* PlusJakartaSans-Regular.ttf */; };
		31C917591E1AFC9EED606681 /* HomeView.swift in Sources */ = {isa = PBXBuildFile; fileRef = 79AA6D8308D4C00A37EA3D99 /* HomeView.swift */; };
		43CD79EB2FA4E74F5BFD599F /* PauseShieldExtension.swift in Sources */ = {isa = PBXBuildFile; fileRef = 4DD3CBD51233D34BBE3A8983 /* PauseShieldExtension.swift */; };
		45952A22E9D0ECF01256B92E /* PlusJakartaSans-ExtraBold.ttf in Resources */ = {isa = PBXBuildFile; fileRef = B00CDEC78290EDD4E3379F23 /* PlusJakartaSans-ExtraBold.ttf */; };
		46219B5218AFA06C98202313 /* Fraunces-Variable.ttf in Resources */ = {isa = PBXBuildFile; fileRef = 3E67A6D0819020EAFC99E7D3 /* Fraunces-Variable.ttf */; };
		537F0308462020E410A85E5D /* PauseMonitorExtension.swift in Sources */ = {isa = PBXBuildFile; fileRef = 53A48FDD029FA956CB069A91 /* PauseMonitorExtension.swift */; };
		555D4555F7B3BA78E802E39B /* UserProfile.swift in Sources */ = {isa = PBXBuildFile; fileRef = 63F77EC8C8B3D7DD3A1B0794 /* UserProfile.swift */; };
		58C1A85B119D4869CC55CBB8 /* PlusJakartaSans-Medium.ttf in Resources */ = {isa = PBXBuildFile; fileRef = 4C8FCC1A0EF3FAA6937FBC32 /* PlusJakartaSans-Medium.ttf */; };
		612BC818BBE086C7B52892C6 /* PlusJakartaSans-ExtraBoldItalic.ttf in Resources */ = {isa = PBXBuildFile; fileRef = 69E964507A8571EA8AECD75D /* PlusJakartaSans-ExtraBoldItalic.ttf */; };
		62C01C2F16A99DA24609D696 /* OnboardingFlow.swift in Sources */ = {isa = PBXBuildFile; fileRef = 0131E89A15BD69F5B930951D /* OnboardingFlow.swift */; };
		659C781880380FBD1EB3F43D /* DataStore.swift in Sources */ = {isa = PBXBuildFile; fileRef = B76893609DE12360FB93334E /* DataStore.swift */; };
		681FF7A2739E19717025D32C /* AppPickerView.swift in Sources */ = {isa = PBXBuildFile; fileRef = 73E2E75D03566347C3A03A99 /* AppPickerView.swift */; };
		687E5D900172655855820509 /* Fraunces72pt-Bold.ttf in Resources */ = {isa = PBXBuildFile; fileRef = 72A6EE6D966234E53F722AE4 /* Fraunces72pt-Bold.ttf */; };
		71BEBDFFF64C696EDF466FAF /* DailyRecord.swift in Sources */ = {isa = PBXBuildFile; fileRef = 1047A006B1D04CB173A7F455 /* DailyRecord.swift */; };
		73B938E32B4CACFA887187B6 /* PauseIcon.swift in Sources */ = {isa = PBXBuildFile; fileRef = 309251B72045A33B7FD8B7F5 /* PauseIcon.swift */; };
		7AC16DF20BC2E89BBEB9A8AE /* TriggerLog.swift in Sources */ = {isa = PBXBuildFile; fileRef = EE6CDE86249B46232C178EA4 /* TriggerLog.swift */; };
		7E1026796AFAB6DEE5F6C285 /* AppSettings.swift in Sources */ = {isa = PBXBuildFile; fileRef = C7C6CDED2A4C0FA88713F47D /* AppSettings.swift */; };
		7F4F70807C8AF23D49A101DC /* Fraunces-VariableItalic.ttf in Resources */ = {isa = PBXBuildFile; fileRef = 47EEE36D34B24DBA1EACA7CA /* Fraunces-VariableItalic.ttf */; };
		837D8A491B213E4B7168E52D /* PauseWordmark.swift in Sources */ = {isa = PBXBuildFile; fileRef = 3E1E00FA6D75478D4EC2985F /* PauseWordmark.swift */; };
		848FF16E5BA6C9408B0E981C /* ReasonsView.swift in Sources */ = {isa = PBXBuildFile; fileRef = F1921D1AB57DC259B4945E0F /* ReasonsView.swift */; };
		86C8192AA8DC9DF097F3D141 /* PauseApp.swift in Sources */ = {isa = PBXBuildFile; fileRef = 89685CA9AB6F16C31E81F945 /* PauseApp.swift */; };
		8E04A135A35DBE8AEEEA3C81 /* PauseButton.swift in Sources */ = {isa = PBXBuildFile; fileRef = AF7DBD9B61AAC42E57126B11 /* PauseButton.swift */; };
		9D894822F1FDA425511634CA /* ScreenTimeManager.swift in Sources */ = {isa = PBXBuildFile; fileRef = 28AC11D1608974E47D56614A /* ScreenTimeManager.swift */; };
		9F14EBB78C579749D178FA39 /* ConfirmationView.swift in Sources */ = {isa = PBXBuildFile; fileRef = 188A2DC785D2732F9602DEC8 /* ConfirmationView.swift */; };
		A4228C4B908AADDF84A7DBDA /* SharedStore.swift in Sources */ = {isa = PBXBuildFile; fileRef = AE490CB50C86E71F2740A8AD /* SharedStore.swift */; };
		AD827C3AC55EEDB66F90C6BB /* Color+Hex.swift in Sources */ = {isa = PBXBuildFile; fileRef = 83379BA09CF1240E245080C3 /* Color+Hex.swift */; };
		B1934D2469850B1E25A6C915 /* Font+Pause.swift in Sources */ = {isa = PBXBuildFile; fileRef = 1A66FAA27FAD60162DF7EFCA /* Font+Pause.swift */; };
		B701C3227A65527379BC9B26 /* Assets.xcassets in Resources */ = {isa = PBXBuildFile; fileRef = 92BFB26EE5BCD3CA6B45623D /* Assets.xcassets */; };
		CFF7D120BDC2641D23ECD50A /* StagedEntrance.swift in Sources */ = {isa = PBXBuildFile; fileRef = 9B858248D52AF2CD5A0030E3 /* StagedEntrance.swift */; };
		D6D19C49EDD1BC2A2111A76C /* PauseMonitor.appex in Embed Foundation Extensions */ = {isa = PBXBuildFile; fileRef = 9736227BE838E021C3995474 /* PauseMonitor.appex */; settings = {ATTRIBUTES = (RemoveHeadersOnCopy, ); }; };
		DD127CD07C27212194332357 /* WelcomeView.swift in Sources */ = {isa = PBXBuildFile; fileRef = 6B6BAFEB4626DEAEA643272B /* WelcomeView.swift */; };
		FEF01C66FC7E0D3F16D26B64 /* RootView.swift in Sources */ = {isa = PBXBuildFile; fileRef = A792F11B499E7CA5820526A1 /* RootView.swift */; };
/* End PBXBuildFile section */

/* Begin PBXContainerItemProxy section */
		175F8CA1E430A7C6EA05CEE2 /* PBXContainerItemProxy */ = {
			isa = PBXContainerItemProxy;
			containerPortal = B0F0DF68BEB36071B8D1D259 /* Project object */;
			proxyType = 1;
			remoteGlobalIDString = AC70962D722547AA88CFF098;
			remoteInfo = PauseShield;
		};
		676097D2EA54A9A03DF04501 /* PBXContainerItemProxy */ = {
			isa = PBXContainerItemProxy;
			containerPortal = B0F0DF68BEB36071B8D1D259 /* Project object */;
			proxyType = 1;
			remoteGlobalIDString = E72F7AFDBD6388CD61BB0391;
			remoteInfo = PauseMonitor;
		};
/* End PBXContainerItemProxy section */

/* Begin PBXCopyFilesBuildPhase section */
		86BB2A5C4B73A72BABE5BC9F /* Embed Foundation Extensions */ = {
			isa = PBXCopyFilesBuildPhase;
			buildActionMask = 2147483647;
			dstPath = "";
			dstSubfolderSpec = 13;
			files = (
				D6D19C49EDD1BC2A2111A76C /* PauseMonitor.appex in Embed Foundation Extensions */,
			);
			name = "Embed Foundation Extensions";
			runOnlyForDeploymentPostprocessing = 0;
		};
/* End PBXCopyFilesBuildPhase section */

/* Begin PBXFileReference section */
		0131E89A15BD69F5B930951D /* OnboardingFlow.swift */ = {isa = PBXFileReference; lastKnownFileType = sourcecode.swift; path = OnboardingFlow.swift; sourceTree = "<group>"; };
		1047A006B1D04CB173A7F455 /* DailyRecord.swift */ = {isa = PBXFileReference; lastKnownFileType = sourcecode.swift; path = DailyRecord.swift; sourceTree = "<group>"; };
		188A2DC785D2732F9602DEC8 /* ConfirmationView.swift */ = {isa = PBXFileReference; lastKnownFileType = sourcecode.swift; path = ConfirmationView.swift; sourceTree = "<group>"; };
		1A66FAA27FAD60162DF7EFCA /* Font+Pause.swift */ = {isa = PBXFileReference; lastKnownFileType = sourcecode.swift; path = "Font+Pause.swift"; sourceTree = "<group>"; };
		28AC11D1608974E47D56614A /* ScreenTimeManager.swift */ = {isa = PBXFileReference; lastKnownFileType = sourcecode.swift; path = ScreenTimeManager.swift; sourceTree = "<group>"; };
		309251B72045A33B7FD8B7F5 /* PauseIcon.swift */ = {isa = PBXFileReference; lastKnownFileType = sourcecode.swift; path = PauseIcon.swift; sourceTree = "<group>"; };
		3E1E00FA6D75478D4EC2985F /* PauseWordmark.swift */ = {isa = PBXFileReference; lastKnownFileType = sourcecode.swift; path = PauseWordmark.swift; sourceTree = "<group>"; };
		3E67A6D0819020EAFC99E7D3 /* Fraunces-Variable.ttf */ = {isa = PBXFileReference; lastKnownFileType = file; path = "Fraunces-Variable.ttf"; sourceTree = "<group>"; };
		47EEE36D34B24DBA1EACA7CA /* Fraunces-VariableItalic.ttf */ = {isa = PBXFileReference; lastKnownFileType = file; path = "Fraunces-VariableItalic.ttf"; sourceTree = "<group>"; };
		4C8FCC1A0EF3FAA6937FBC32 /* PlusJakartaSans-Medium.ttf */ = {isa = PBXFileReference; lastKnownFileType = file; path = "PlusJakartaSans-Medium.ttf"; sourceTree = "<group>"; };
		4DD3CBD51233D34BBE3A8983 /* PauseShieldExtension.swift */ = {isa = PBXFileReference; lastKnownFileType = sourcecode.swift; path = PauseShieldExtension.swift; sourceTree = "<group>"; };
		53A48FDD029FA956CB069A91 /* PauseMonitorExtension.swift */ = {isa = PBXFileReference; lastKnownFileType = sourcecode.swift; path = PauseMonitorExtension.swift; sourceTree = "<group>"; };
		63F77EC8C8B3D7DD3A1B0794 /* UserProfile.swift */ = {isa = PBXFileReference; lastKnownFileType = sourcecode.swift; path = UserProfile.swift; sourceTree = "<group>"; };
		653C3C15B3C0C8F2D6373705 /* PlusJakartaSans-Regular.ttf */ = {isa = PBXFileReference; lastKnownFileType = file; path = "PlusJakartaSans-Regular.ttf"; sourceTree = "<group>"; };
		69E964507A8571EA8AECD75D /* PlusJakartaSans-ExtraBoldItalic.ttf */ = {isa = PBXFileReference; lastKnownFileType = file; path = "PlusJakartaSans-ExtraBoldItalic.ttf"; sourceTree = "<group>"; };
		6B6BAFEB4626DEAEA643272B /* WelcomeView.swift */ = {isa = PBXFileReference; lastKnownFileType = sourcecode.swift; path = WelcomeView.swift; sourceTree = "<group>"; };
		6CEF498E73E00F4093077EB6 /* PlusJakartaSans-Bold.ttf */ = {isa = PBXFileReference; lastKnownFileType = file; path = "PlusJakartaSans-Bold.ttf"; sourceTree = "<group>"; };
		72A6EE6D966234E53F722AE4 /* Fraunces72pt-Bold.ttf */ = {isa = PBXFileReference; lastKnownFileType = file; path = "Fraunces72pt-Bold.ttf"; sourceTree = "<group>"; };
		73E2E75D03566347C3A03A99 /* AppPickerView.swift */ = {isa = PBXFileReference; lastKnownFileType = sourcecode.swift; path = AppPickerView.swift; sourceTree = "<group>"; };
		79AA6D8308D4C00A37EA3D99 /* HomeView.swift */ = {isa = PBXFileReference; lastKnownFileType = sourcecode.swift; path = HomeView.swift; sourceTree = "<group>"; };
		83379BA09CF1240E245080C3 /* Color+Hex.swift */ = {isa = PBXFileReference; lastKnownFileType = sourcecode.swift; path = "Color+Hex.swift"; sourceTree = "<group>"; };
		89685CA9AB6F16C31E81F945 /* PauseApp.swift */ = {isa = PBXFileReference; lastKnownFileType = sourcecode.swift; path = PauseApp.swift; sourceTree = "<group>"; };
		92BFB26EE5BCD3CA6B45623D /* Assets.xcassets */ = {isa = PBXFileReference; lastKnownFileType = folder.assetcatalog; path = Assets.xcassets; sourceTree = "<group>"; };
		9736227BE838E021C3995474 /* PauseMonitor.appex */ = {isa = PBXFileReference; includeInIndex = 0; lastKnownFileType = "wrapper.app-extension"; path = PauseMonitor.appex; sourceTree = BUILT_PRODUCTS_DIR; };
		9B858248D52AF2CD5A0030E3 /* StagedEntrance.swift */ = {isa = PBXFileReference; lastKnownFileType = sourcecode.swift; path = StagedEntrance.swift; sourceTree = "<group>"; };
		A792F11B499E7CA5820526A1 /* RootView.swift */ = {isa = PBXFileReference; lastKnownFileType = sourcecode.swift; path = RootView.swift; sourceTree = "<group>"; };
		AE490CB50C86E71F2740A8AD /* SharedStore.swift */ = {isa = PBXFileReference; lastKnownFileType = sourcecode.swift; path = SharedStore.swift; sourceTree = "<group>"; };
		AF7DBD9B61AAC42E57126B11 /* PauseButton.swift */ = {isa = PBXFileReference; lastKnownFileType = sourcecode.swift; path = PauseButton.swift; sourceTree = "<group>"; };
		B00CDEC78290EDD4E3379F23 /* PlusJakartaSans-ExtraBold.ttf */ = {isa = PBXFileReference; lastKnownFileType = file; path = "PlusJakartaSans-ExtraBold.ttf"; sourceTree = "<group>"; };
		B4BEAE62C947DA6FDB5245FB /* PauseShield.appex */ = {isa = PBXFileReference; includeInIndex = 0; lastKnownFileType = "wrapper.app-extension"; path = PauseShield.appex; sourceTree = BUILT_PRODUCTS_DIR; };
		B76893609DE12360FB93334E /* DataStore.swift */ = {isa = PBXFileReference; lastKnownFileType = sourcecode.swift; path = DataStore.swift; sourceTree = "<group>"; };
		C7C6CDED2A4C0FA88713F47D /* AppSettings.swift */ = {isa = PBXFileReference; lastKnownFileType = sourcecode.swift; path = AppSettings.swift; sourceTree = "<group>"; };
		EE6CDE86249B46232C178EA4 /* TriggerLog.swift */ = {isa = PBXFileReference; lastKnownFileType = sourcecode.swift; path = TriggerLog.swift; sourceTree = "<group>"; };
		F1921D1AB57DC259B4945E0F /* ReasonsView.swift */ = {isa = PBXFileReference; lastKnownFileType = sourcecode.swift; path = ReasonsView.swift; sourceTree = "<group>"; };
		FB3B08CF9C2AC99461CB3CDD /* Pause.app */ = {isa = PBXFileReference; includeInIndex = 0; lastKnownFileType = wrapper.application; path = Pause.app; sourceTree = BUILT_PRODUCTS_DIR; };
/* End PBXFileReference section */

/* Begin PBXGroup section */
		03AE62EBFD6EB71A338877C0 /* Services */ = {
			isa = PBXGroup;
			children = (
				B76893609DE12360FB93334E /* DataStore.swift */,
				28AC11D1608974E47D56614A /* ScreenTimeManager.swift */,
				AE490CB50C86E71F2740A8AD /* SharedStore.swift */,
			);
			path = Services;
			sourceTree = "<group>";
		};
		1CBCD7B19A322FEABE9EBCEB = {
			isa = PBXGroup;
			children = (
				653EF440DABD2D2E386A742B /* Pause */,
				E9C5297AC3C3A80C8B30114E /* PauseMonitor */,
				C9A00C45132428CB8EE58FFA /* PauseShield */,
				AC9C48E4C9BF049F68314A3A /* Products */,
			);
			indentWidth = 2;
			sourceTree = "<group>";
			tabWidth = 2;
			usesTabs = 0;
		};
		653EF440DABD2D2E386A742B /* Pause */ = {
			isa = PBXGroup;
			children = (
				7DB24EAAC55B84498814CBE1 /* Models */,
				BA193D844487DF2F2CBC3260 /* Resources */,
				03AE62EBFD6EB71A338877C0 /* Services */,
				F0242DA845D6909CEE2F7943 /* Utilities */,
				9F8B4F14B8455DF2615974B8 /* Views */,
				89685CA9AB6F16C31E81F945 /* PauseApp.swift */,
			);
			path = Pause;
			sourceTree = "<group>";
		};
		6D48756B8FD01C230E515473 /* Home */ = {
			isa = PBXGroup;
			children = (
				79AA6D8308D4C00A37EA3D99 /* HomeView.swift */,
			);
			path = Home;
			sourceTree = "<group>";
		};
		7DB24EAAC55B84498814CBE1 /* Models */ = {
			isa = PBXGroup;
			children = (
				C7C6CDED2A4C0FA88713F47D /* AppSettings.swift */,
				1047A006B1D04CB173A7F455 /* DailyRecord.swift */,
				EE6CDE86249B46232C178EA4 /* TriggerLog.swift */,
				63F77EC8C8B3D7DD3A1B0794 /* UserProfile.swift */,
			);
			path = Models;
			sourceTree = "<group>";
		};
		9F8B4F14B8455DF2615974B8 /* Views */ = {
			isa = PBXGroup;
			children = (
				A3B1CDC54C707572DD44BD9E /* Components */,
				6D48756B8FD01C230E515473 /* Home */,
				CC88458EFF125C6082B5FC91 /* Onboarding */,
				A792F11B499E7CA5820526A1 /* RootView.swift */,
			);
			path = Views;
			sourceTree = "<group>";
		};
		A3B1CDC54C707572DD44BD9E /* Components */ = {
			isa = PBXGroup;
			children = (
				AF7DBD9B61AAC42E57126B11 /* PauseButton.swift */,
				3E1E00FA6D75478D4EC2985F /* PauseWordmark.swift */,
				9B858248D52AF2CD5A0030E3 /* StagedEntrance.swift */,
			);
			path = Components;
			sourceTree = "<group>";
		};
		A9FA9A40EF19B6BFD5BFEEAE /* Fonts */ = {
			isa = PBXGroup;
			children = (
				3E67A6D0819020EAFC99E7D3 /* Fraunces-Variable.ttf */,
				47EEE36D34B24DBA1EACA7CA /* Fraunces-VariableItalic.ttf */,
				72A6EE6D966234E53F722AE4 /* Fraunces72pt-Bold.ttf */,
				6CEF498E73E00F4093077EB6 /* PlusJakartaSans-Bold.ttf */,
				B00CDEC78290EDD4E3379F23 /* PlusJakartaSans-ExtraBold.ttf */,
				69E964507A8571EA8AECD75D /* PlusJakartaSans-ExtraBoldItalic.ttf */,
				4C8FCC1A0EF3FAA6937FBC32 /* PlusJakartaSans-Medium.ttf */,
				653C3C15B3C0C8F2D6373705 /* PlusJakartaSans-Regular.ttf */,
			);
			path = Fonts;
			sourceTree = "<group>";
		};
		AC9C48E4C9BF049F68314A3A /* Products */ = {
			isa = PBXGroup;
			children = (
				FB3B08CF9C2AC99461CB3CDD /* Pause.app */,
				9736227BE838E021C3995474 /* PauseMonitor.appex */,
				B4BEAE62C947DA6FDB5245FB /* PauseShield.appex */,
			);
			name = Products;
			sourceTree = "<group>";
		};
		BA193D844487DF2F2CBC3260 /* Resources */ = {
			isa = PBXGroup;
			children = (
				A9FA9A40EF19B6BFD5BFEEAE /* Fonts */,
				92BFB26EE5BCD3CA6B45623D /* Assets.xcassets */,
			);
			path = Resources;
			sourceTree = "<group>";
		};
		C9A00C45132428CB8EE58FFA /* PauseShield */ = {
			isa = PBXGroup;
			children = (
				4DD3CBD51233D34BBE3A8983 /* PauseShieldExtension.swift */,
			);
			path = PauseShield;
			sourceTree = "<group>";
		};
		CC88458EFF125C6082B5FC91 /* Onboarding */ = {
			isa = PBXGroup;
			children = (
				73E2E75D03566347C3A03A99 /* AppPickerView.swift */,
				188A2DC785D2732F9602DEC8 /* ConfirmationView.swift */,
				0131E89A15BD69F5B930951D /* OnboardingFlow.swift */,
				F1921D1AB57DC259B4945E0F /* ReasonsView.swift */,
				6B6BAFEB4626DEAEA643272B /* WelcomeView.swift */,
			);
			path = Onboarding;
			sourceTree = "<group>";
		};
		E9C5297AC3C3A80C8B30114E /* PauseMonitor */ = {
			isa = PBXGroup;
			children = (
				53A48FDD029FA956CB069A91 /* PauseMonitorExtension.swift */,
			);
			path = PauseMonitor;
			sourceTree = "<group>";
		};
		F0242DA845D6909CEE2F7943 /* Utilities */ = {
			isa = PBXGroup;
			children = (
				83379BA09CF1240E245080C3 /* Color+Hex.swift */,
				1A66FAA27FAD60162DF7EFCA /* Font+Pause.swift */,
				309251B72045A33B7FD8B7F5 /* PauseIcon.swift */,
			);
			path = Utilities;
			sourceTree = "<group>";
		};
/* End PBXGroup section */

/* Begin PBXNativeTarget section */
		911534F7F30BC155E00F1E0E /* Pause */ = {
			isa = PBXNativeTarget;
			buildConfigurationList = F53348BF97AFE0C1BFEEEEE7 /* Build configuration list for PBXNativeTarget "Pause" */;
			buildPhases = (
				67897F6112BEF75C9843FFF0 /* Sources */,
				2A876D6078C68DB339E12720 /* Resources */,
				86BB2A5C4B73A72BABE5BC9F /* Embed Foundation Extensions */,
			);
			buildRules = (
			);
			dependencies = (
				B7BABB5822CB1DB6292DA02B /* PBXTargetDependency */,
				9B10B1A036EA3B3D73F5FF87 /* PBXTargetDependency */,
			);
			name = Pause;
			packageProductDependencies = (
			);
			productName = Pause;
			productReference = FB3B08CF9C2AC99461CB3CDD /* Pause.app */;
			productType = "com.apple.product-type.application";
		};
		AC70962D722547AA88CFF098 /* PauseShield */ = {
			isa = PBXNativeTarget;
			buildConfigurationList = 7AA00B47561EFD5643B37F04 /* Build configuration list for PBXNativeTarget "PauseShield" */;
			buildPhases = (
				D2026CC383A4A8B0E94EEFC2 /* Sources */,
			);
			buildRules = (
			);
			dependencies = (
			);
			name = PauseShield;
			packageProductDependencies = (
			);
			productName = PauseShield;
			productReference = B4BEAE62C947DA6FDB5245FB /* PauseShield.appex */;
			productType = "com.apple.product-type.app-extension";
		};
		E72F7AFDBD6388CD61BB0391 /* PauseMonitor */ = {
			isa = PBXNativeTarget;
			buildConfigurationList = AB8632345CF9F6906907F491 /* Build configuration list for PBXNativeTarget "PauseMonitor" */;
			buildPhases = (
				8CFE0D1708577143CEE4B5A1 /* Sources */,
			);
			buildRules = (
			);
			dependencies = (
			);
			name = PauseMonitor;
			packageProductDependencies = (
			);
			productName = PauseMonitor;
			productReference = 9736227BE838E021C3995474 /* PauseMonitor.appex */;
			productType = "com.apple.product-type.app-extension";
		};
/* End PBXNativeTarget section */

/* Begin PBXProject section */
		B0F0DF68BEB36071B8D1D259 /* Project object */ = {
			isa = PBXProject;
			attributes = {
				BuildIndependentTargetsInParallel = YES;
				LastUpgradeCheck = 1430;
				TargetAttributes = {
					911534F7F30BC155E00F1E0E = {
						DevelopmentTeam = "";
						ProvisioningStyle = Automatic;
					};
					AC70962D722547AA88CFF098 = {
						DevelopmentTeam = "";
						ProvisioningStyle = Automatic;
					};
					E72F7AFDBD6388CD61BB0391 = {
						DevelopmentTeam = "";
						ProvisioningStyle = Automatic;
					};
				};
			};
			buildConfigurationList = 978239AEE15CD5FB3C88F320 /* Build configuration list for PBXProject "Pause" */;
			developmentRegion = en;
			hasScannedForEncodings = 0;
			knownRegions = (
				Base,
				en,
			);
			mainGroup = 1CBCD7B19A322FEABE9EBCEB;
			minimizedProjectReferenceProxies = 1;
			preferredProjectObjectVersion = 77;
			productRefGroup = AC9C48E4C9BF049F68314A3A /* Products */;
			projectDirPath = "";
			projectRoot = "";
			targets = (
				911534F7F30BC155E00F1E0E /* Pause */,
				E72F7AFDBD6388CD61BB0391 /* PauseMonitor */,
				AC70962D722547AA88CFF098 /* PauseShield */,
			);
		};
/* End PBXProject section */

/* Begin PBXResourcesBuildPhase section */
		2A876D6078C68DB339E12720 /* Resources */ = {
			isa = PBXResourcesBuildPhase;
			buildActionMask = 2147483647;
			files = (
				B701C3227A65527379BC9B26 /* Assets.xcassets in Resources */,
				46219B5218AFA06C98202313 /* Fraunces-Variable.ttf in Resources */,
				7F4F70807C8AF23D49A101DC /* Fraunces-VariableItalic.ttf in Resources */,
				687E5D900172655855820509 /* Fraunces72pt-Bold.ttf in Resources */,
				0A7F741543B32CB2EED02720 /* PlusJakartaSans-Bold.ttf in Resources */,
				45952A22E9D0ECF01256B92E /* PlusJakartaSans-ExtraBold.ttf in Resources */,
				612BC818BBE086C7B52892C6 /* PlusJakartaSans-ExtraBoldItalic.ttf in Resources */,
				58C1A85B119D4869CC55CBB8 /* PlusJakartaSans-Medium.ttf in Resources */,
				284F9F3A2AFEC142C0D5EF5F /* PlusJakartaSans-Regular.ttf in Resources */,
			);
			runOnlyForDeploymentPostprocessing = 0;
		};
/* End PBXResourcesBuildPhase section */

/* Begin PBXSourcesBuildPhase section */
		67897F6112BEF75C9843FFF0 /* Sources */ = {
			isa = PBXSourcesBuildPhase;
			buildActionMask = 2147483647;
			files = (
				681FF7A2739E19717025D32C /* AppPickerView.swift in Sources */,
				7E1026796AFAB6DEE5F6C285 /* AppSettings.swift in Sources */,
				AD827C3AC55EEDB66F90C6BB /* Color+Hex.swift in Sources */,
				9F14EBB78C579749D178FA39 /* ConfirmationView.swift in Sources */,
				71BEBDFFF64C696EDF466FAF /* DailyRecord.swift in Sources */,
				659C781880380FBD1EB3F43D /* DataStore.swift in Sources */,
				B1934D2469850B1E25A6C915 /* Font+Pause.swift in Sources */,
				31C917591E1AFC9EED606681 /* HomeView.swift in Sources */,
				62C01C2F16A99DA24609D696 /* OnboardingFlow.swift in Sources */,
				86C8192AA8DC9DF097F3D141 /* PauseApp.swift in Sources */,
				8E04A135A35DBE8AEEEA3C81 /* PauseButton.swift in Sources */,
				73B938E32B4CACFA887187B6 /* PauseIcon.swift in Sources */,
				837D8A491B213E4B7168E52D /* PauseWordmark.swift in Sources */,
				848FF16E5BA6C9408B0E981C /* ReasonsView.swift in Sources */,
				FEF01C66FC7E0D3F16D26B64 /* RootView.swift in Sources */,
				9D894822F1FDA425511634CA /* ScreenTimeManager.swift in Sources */,
				A4228C4B908AADDF84A7DBDA /* SharedStore.swift in Sources */,
				CFF7D120BDC2641D23ECD50A /* StagedEntrance.swift in Sources */,
				7AC16DF20BC2E89BBEB9A8AE /* TriggerLog.swift in Sources */,
				555D4555F7B3BA78E802E39B /* UserProfile.swift in Sources */,
				DD127CD07C27212194332357 /* WelcomeView.swift in Sources */,
			);
			runOnlyForDeploymentPostprocessing = 0;
		};
		8CFE0D1708577143CEE4B5A1 /* Sources */ = {
			isa = PBXSourcesBuildPhase;
			buildActionMask = 2147483647;
			files = (
				537F0308462020E410A85E5D /* PauseMonitorExtension.swift in Sources */,
			);
			runOnlyForDeploymentPostprocessing = 0;
		};
		D2026CC383A4A8B0E94EEFC2 /* Sources */ = {
			isa = PBXSourcesBuildPhase;
			buildActionMask = 2147483647;
			files = (
				43CD79EB2FA4E74F5BFD599F /* PauseShieldExtension.swift in Sources */,
			);
			runOnlyForDeploymentPostprocessing = 0;
		};
/* End PBXSourcesBuildPhase section */

/* Begin PBXTargetDependency section */
		9B10B1A036EA3B3D73F5FF87 /* PBXTargetDependency */ = {
			isa = PBXTargetDependency;
			target = AC70962D722547AA88CFF098 /* PauseShield */;
			targetProxy = 175F8CA1E430A7C6EA05CEE2 /* PBXContainerItemProxy */;
		};
		B7BABB5822CB1DB6292DA02B /* PBXTargetDependency */ = {
			isa = PBXTargetDependency;
			target = E72F7AFDBD6388CD61BB0391 /* PauseMonitor */;
			targetProxy = 676097D2EA54A9A03DF04501 /* PBXContainerItemProxy */;
		};
/* End PBXTargetDependency section */

/* Begin XCBuildConfiguration section */
		0B405857969421CC63A3622F /* Debug */ = {
			isa = XCBuildConfiguration;
			buildSettings = {
				ASSETCATALOG_COMPILER_APPICON_NAME = AppIcon;
				CODE_SIGN_ENTITLEMENTS = SupportingFiles/Pause.entitlements;
				CODE_SIGN_IDENTITY = "iPhone Developer";
				GENERATE_INFOPLIST_FILE = NO;
				INFOPLIST_FILE = "SupportingFiles/Pause-Info.plist";
				INFOPLIST_KEY_UIApplicationSupportsIndirectInputEvents = YES;
				INFOPLIST_KEY_UIUserInterfaceStyle = "";
				IPHONEOS_DEPLOYMENT_TARGET = 17.0;
				LD_RUNPATH_SEARCH_PATHS = (
					"$(inherited)",
					"@executable_path/Frameworks",
				);
				PRODUCT_BUNDLE_IDENTIFIER = com.paultaylor.pause;
				PRODUCT_NAME = Pause;
				SDKROOT = iphoneos;
				TARGETED_DEVICE_FAMILY = "1,2";
			};
			name = Debug;
		};
		35B0DA394522DF53A71D5D34 /* Debug */ = {
			isa = XCBuildConfiguration;
			buildSettings = {
				ALWAYS_SEARCH_USER_PATHS = NO;
				CLANG_ANALYZER_NONNULL = YES;
				CLANG_ANALYZER_NUMBER_OBJECT_CONVERSION = YES_AGGRESSIVE;
				CLANG_CXX_LANGUAGE_STANDARD = "gnu++14";
				CLANG_CXX_LIBRARY = "libc++";
				CLANG_ENABLE_MODULES = YES;
				CLANG_ENABLE_OBJC_ARC = YES;
				CLANG_ENABLE_OBJC_WEAK = YES;
				CLANG_WARN_BLOCK_CAPTURE_AUTORELEASING = YES;
				CLANG_WARN_BOOL_CONVERSION = YES;
				CLANG_WARN_COMMA = YES;
				CLANG_WARN_CONSTANT_CONVERSION = YES;
				CLANG_WARN_DEPRECATED_OBJC_IMPLEMENTATIONS = YES;
				CLANG_WARN_DIRECT_OBJC_ISA_USAGE = YES_ERROR;
				CLANG_WARN_DOCUMENTATION_COMMENTS = YES;
				CLANG_WARN_EMPTY_BODY = YES;
				CLANG_WARN_ENUM_CONVERSION = YES;
				CLANG_WARN_INFINITE_RECURSION = YES;
				CLANG_WARN_INT_CONVERSION = YES;
				CLANG_WARN_NON_LITERAL_NULL_CONVERSION = YES;
				CLANG_WARN_OBJC_IMPLICIT_RETAIN_SELF = YES;
				CLANG_WARN_OBJC_LITERAL_CONVERSION = YES;
				CLANG_WARN_OBJC_ROOT_CLASS = YES_ERROR;
				CLANG_WARN_QUOTED_INCLUDE_IN_FRAMEWORK_HEADER = YES;
				CLANG_WARN_RANGE_LOOP_ANALYSIS = YES;
				CLANG_WARN_STRICT_PROTOTYPES = YES;
				CLANG_WARN_SUSPICIOUS_MOVE = YES;
				CLANG_WARN_UNGUARDED_AVAILABILITY = YES_AGGRESSIVE;
				CLANG_WARN_UNREACHABLE_CODE = YES;
				CLANG_WARN__DUPLICATE_METHOD_MATCH = YES;
				CODE_SIGN_STYLE = Automatic;
				COPY_PHASE_STRIP = NO;
				CURRENT_PROJECT_VERSION = 1;
				DEBUG_INFORMATION_FORMAT = dwarf;
				DEVELOPMENT_TEAM = "";
				ENABLE_STRICT_OBJC_MSGSEND = YES;
				ENABLE_TESTABILITY = YES;
				ENABLE_USER_SCRIPT_SANDBOXING = NO;
				GCC_C_LANGUAGE_STANDARD = gnu11;
				GCC_DYNAMIC_NO_PIC = NO;
				GCC_NO_COMMON_BLOCKS = YES;
				GCC_OPTIMIZATION_LEVEL = 0;
				GCC_PREPROCESSOR_DEFINITIONS = (
					"$(inherited)",
					"DEBUG=1",
				);
				GCC_WARN_64_TO_32_BIT_CONVERSION = YES;
				GCC_WARN_ABOUT_RETURN_TYPE = YES_ERROR;
				GCC_WARN_UNDECLARED_SELECTOR = YES;
				GCC_WARN_UNINITIALIZED_AUTOS = YES_AGGRESSIVE;
				GCC_WARN_UNUSED_FUNCTION = YES;
				GCC_WARN_UNUSED_VARIABLE = YES;
				IPHONEOS_DEPLOYMENT_TARGET = 17.0;
				MARKETING_VERSION = 1.0;
				MTL_ENABLE_DEBUG_INFO = INCLUDE_SOURCE;
				MTL_FAST_MATH = YES;
				ONLY_ACTIVE_ARCH = YES;
				PRODUCT_NAME = "$(TARGET_NAME)";
				SDKROOT = iphoneos;
				SUPPORTS_MACCATALYST = NO;
				SWIFT_ACTIVE_COMPILATION_CONDITIONS = DEBUG;
				SWIFT_OPTIMIZATION_LEVEL = "-Onone";
				SWIFT_VERSION = 5.9;
				TARGETED_DEVICE_FAMILY = 1;
			};
			name = Debug;
		};
		4300EE1534EFC8B19204C68A /* Debug */ = {
			isa = XCBuildConfiguration;
			buildSettings = {
				CODE_SIGN_ENTITLEMENTS = SupportingFiles/PauseShield.entitlements;
				GENERATE_INFOPLIST_FILE = NO;
				INFOPLIST_FILE = "SupportingFiles/PauseShield-Info.plist";
				IPHONEOS_DEPLOYMENT_TARGET = 17.0;
				LD_RUNPATH_SEARCH_PATHS = (
					"$(inherited)",
					"@executable_path/Frameworks",
					"@executable_path/../../Frameworks",
				);
				PRODUCT_BUNDLE_IDENTIFIER = com.paultaylor.pause.shield;
				PRODUCT_NAME = PauseShield;
				SDKROOT = iphoneos;
				TARGETED_DEVICE_FAMILY = "1,2";
			};
			name = Debug;
		};
		6F85E77243BCDEBC089BC35F /* Release */ = {
			isa = XCBuildConfiguration;
			buildSettings = {
				ALWAYS_SEARCH_USER_PATHS = NO;
				CLANG_ANALYZER_NONNULL = YES;
				CLANG_ANALYZER_NUMBER_OBJECT_CONVERSION = YES_AGGRESSIVE;
				CLANG_CXX_LANGUAGE_STANDARD = "gnu++14";
				CLANG_CXX_LIBRARY = "libc++";
				CLANG_ENABLE_MODULES = YES;
				CLANG_ENABLE_OBJC_ARC = YES;
				CLANG_ENABLE_OBJC_WEAK = YES;
				CLANG_WARN_BLOCK_CAPTURE_AUTORELEASING = YES;
				CLANG_WARN_BOOL_CONVERSION = YES;
				CLANG_WARN_COMMA = YES;
				CLANG_WARN_CONSTANT_CONVERSION = YES;
				CLANG_WARN_DEPRECATED_OBJC_IMPLEMENTATIONS = YES;
				CLANG_WARN_DIRECT_OBJC_ISA_USAGE = YES_ERROR;
				CLANG_WARN_DOCUMENTATION_COMMENTS = YES;
				CLANG_WARN_EMPTY_BODY = YES;
				CLANG_WARN_ENUM_CONVERSION = YES;
				CLANG_WARN_INFINITE_RECURSION = YES;
				CLANG_WARN_INT_CONVERSION = YES;
				CLANG_WARN_NON_LITERAL_NULL_CONVERSION = YES;
				CLANG_WARN_OBJC_IMPLICIT_RETAIN_SELF = YES;
				CLANG_WARN_OBJC_LITERAL_CONVERSION = YES;
				CLANG_WARN_OBJC_ROOT_CLASS = YES_ERROR;
				CLANG_WARN_QUOTED_INCLUDE_IN_FRAMEWORK_HEADER = YES;
				CLANG_WARN_RANGE_LOOP_ANALYSIS = YES;
				CLANG_WARN_STRICT_PROTOTYPES = YES;
				CLANG_WARN_SUSPICIOUS_MOVE = YES;
				CLANG_WARN_UNGUARDED_AVAILABILITY = YES_AGGRESSIVE;
				CLANG_WARN_UNREACHABLE_CODE = YES;
				CLANG_WARN__DUPLICATE_METHOD_MATCH = YES;
				CODE_SIGN_STYLE = Automatic;
				COPY_PHASE_STRIP = NO;
				CURRENT_PROJECT_VERSION = 1;
				DEBUG_INFORMATION_FORMAT = "dwarf-with-dsym";
				DEVELOPMENT_TEAM = "";
				ENABLE_NS_ASSERTIONS = NO;
				ENABLE_STRICT_OBJC_MSGSEND = YES;
				ENABLE_USER_SCRIPT_SANDBOXING = NO;
				GCC_C_LANGUAGE_STANDARD = gnu11;
				GCC_NO_COMMON_BLOCKS = YES;
				GCC_WARN_64_TO_32_BIT_CONVERSION = YES;
				GCC_WARN_ABOUT_RETURN_TYPE = YES_ERROR;
				GCC_WARN_UNDECLARED_SELECTOR = YES;
				GCC_WARN_UNINITIALIZED_AUTOS = YES_AGGRESSIVE;
				GCC_WARN_UNUSED_FUNCTION = YES;
				GCC_WARN_UNUSED_VARIABLE = YES;
				IPHONEOS_DEPLOYMENT_TARGET = 17.0;
				MARKETING_VERSION = 1.0;
				MTL_ENABLE_DEBUG_INFO = NO;
				MTL_FAST_MATH = YES;
				PRODUCT_NAME = "$(TARGET_NAME)";
				SDKROOT = iphoneos;
				SUPPORTS_MACCATALYST = NO;
				SWIFT_COMPILATION_MODE = wholemodule;
				SWIFT_OPTIMIZATION_LEVEL = "-O";
				SWIFT_VERSION = 5.9;
				TARGETED_DEVICE_FAMILY = 1;
			};
			name = Release;
		};
		99264E78B6A3F4E32ABF72F8 /* Debug */ = {
			isa = XCBuildConfiguration;
			buildSettings = {
				CODE_SIGN_ENTITLEMENTS = SupportingFiles/PauseMonitor.entitlements;
				GENERATE_INFOPLIST_FILE = NO;
				INFOPLIST_FILE = "SupportingFiles/PauseMonitor-Info.plist";
				IPHONEOS_DEPLOYMENT_TARGET = 17.0;
				LD_RUNPATH_SEARCH_PATHS = (
					"$(inherited)",
					"@executable_path/Frameworks",
					"@executable_path/../../Frameworks",
				);
				PRODUCT_BUNDLE_IDENTIFIER = com.paultaylor.pause.monitor;
				PRODUCT_NAME = PauseMonitor;
				SDKROOT = iphoneos;
				TARGETED_DEVICE_FAMILY = "1,2";
			};
			name = Debug;
		};
		AB7D5E0AE80A0FA0CCCD06AC /* Release */ = {
			isa = XCBuildConfiguration;
			buildSettings = {
				CODE_SIGN_ENTITLEMENTS = SupportingFiles/PauseMonitor.entitlements;
				GENERATE_INFOPLIST_FILE = NO;
				INFOPLIST_FILE = "SupportingFiles/PauseMonitor-Info.plist";
				IPHONEOS_DEPLOYMENT_TARGET = 17.0;
				LD_RUNPATH_SEARCH_PATHS = (
					"$(inherited)",
					"@executable_path/Frameworks",
					"@executable_path/../../Frameworks",
				);
				PRODUCT_BUNDLE_IDENTIFIER = com.paultaylor.pause.monitor;
				PRODUCT_NAME = PauseMonitor;
				SDKROOT = iphoneos;
				TARGETED_DEVICE_FAMILY = "1,2";
			};
			name = Release;
		};
		AE44930F04ADF54538C8180B /* Release */ = {
			isa = XCBuildConfiguration;
			buildSettings = {
				CODE_SIGN_ENTITLEMENTS = SupportingFiles/PauseShield.entitlements;
				GENERATE_INFOPLIST_FILE = NO;
				INFOPLIST_FILE = "SupportingFiles/PauseShield-Info.plist";
				IPHONEOS_DEPLOYMENT_TARGET = 17.0;
				LD_RUNPATH_SEARCH_PATHS = (
					"$(inherited)",
					"@executable_path/Frameworks",
					"@executable_path/../../Frameworks",
				);
				PRODUCT_BUNDLE_IDENTIFIER = com.paultaylor.pause.shield;
				PRODUCT_NAME = PauseShield;
				SDKROOT = iphoneos;
				TARGETED_DEVICE_FAMILY = "1,2";
			};
			name = Release;
		};
		BE93CB6B500685479070DD8C /* Release */ = {
			isa = XCBuildConfiguration;
			buildSettings = {
				ASSETCATALOG_COMPILER_APPICON_NAME = AppIcon;
				CODE_SIGN_ENTITLEMENTS = SupportingFiles/Pause.entitlements;
				CODE_SIGN_IDENTITY = "iPhone Developer";
				GENERATE_INFOPLIST_FILE = NO;
				INFOPLIST_FILE = "SupportingFiles/Pause-Info.plist";
				INFOPLIST_KEY_UIApplicationSupportsIndirectInputEvents = YES;
				INFOPLIST_KEY_UIUserInterfaceStyle = "";
				IPHONEOS_DEPLOYMENT_TARGET = 17.0;
				LD_RUNPATH_SEARCH_PATHS = (
					"$(inherited)",
					"@executable_path/Frameworks",
				);
				PRODUCT_BUNDLE_IDENTIFIER = com.paultaylor.pause;
				PRODUCT_NAME = Pause;
				SDKROOT = iphoneos;
				TARGETED_DEVICE_FAMILY = "1,2";
			};
			name = Release;
		};
/* End XCBuildConfiguration section */

/* Begin XCConfigurationList section */
		7AA00B47561EFD5643B37F04 /* Build configuration list for PBXNativeTarget "PauseShield" */ = {
			isa = XCConfigurationList;
			buildConfigurations = (
				4300EE1534EFC8B19204C68A /* Debug */,
				AE44930F04ADF54538C8180B /* Release */,
			);
			defaultConfigurationIsVisible = 0;
			defaultConfigurationName = Debug;
		};
		978239AEE15CD5FB3C88F320 /* Build configuration list for PBXProject "Pause" */ = {
			isa = XCConfigurationList;
			buildConfigurations = (
				35B0DA394522DF53A71D5D34 /* Debug */,
				6F85E77243BCDEBC089BC35F /* Release */,
			);
			defaultConfigurationIsVisible = 0;
			defaultConfigurationName = Debug;
		};
		AB8632345CF9F6906907F491 /* Build configuration list for PBXNativeTarget "PauseMonitor" */ = {
			isa = XCConfigurationList;
			buildConfigurations = (
				99264E78B6A3F4E32ABF72F8 /* Debug */,
				AB7D5E0AE80A0FA0CCCD06AC /* Release */,
			);
			defaultConfigurationIsVisible = 0;
			defaultConfigurationName = Debug;
		};
		F53348BF97AFE0C1BFEEEEE7 /* Build configuration list for PBXNativeTarget "Pause" */ = {
			isa = XCConfigurationList;
			buildConfigurations = (
				0B405857969421CC63A3622F /* Debug */,
				BE93CB6B500685479070DD8C /* Release */,
			);
			defaultConfigurationIsVisible = 0;
			defaultConfigurationName = Debug;
		};
/* End XCConfigurationList section */
	};
	rootObject = B0F0DF68BEB36071B8D1D259 /* Project object */;
}
